
Microsoft Visual Studio Solution File, Format Version 12.00
# Visual Studio Version 17
VisualStudioVersion = 17.3.32825.248
MinimumVisualStudioVersion = 10.0.40219.1
Project("{FAE04EC0-301F-11D3-BF4B-00C04F79EFBC}") = "CloudmersiveBenchmark", "CloudmersiveBenchmark.csproj", "{400B4647-324D-4745-A16D-A148CBD0810C}"
EndProject
Global
	GlobalSection(SolutionConfigurationPlatforms) = preSolution
		Debug|Any CPU = Debug|Any CPU
		Release|Any CPU = Release|Any CPU
	EndGlobalSection
	GlobalSection(ProjectConfigurationPlatforms) = postSolution
		{400B4647-324D-4745-A16D-A148CBD0810C}.Debug|Any CPU.ActiveCfg = Debug|Any CPU
		{400B4647-324D-4745-A16D-A148CBD0810C}.Debug|Any CPU.Build.0 = Debug|Any CPU
		{400B4647-324D-4745-A16D-A148CBD0810C}.Release|Any CPU.ActiveCfg = Release|Any CPU
		{400B4647-324D-4745-A16D-A148CBD0810C}.Release|Any CPU.Build.0 = Release|Any CPU
	EndGlobalSection
	GlobalSection(SolutionProperties) = preSolution
		HideSolutionNode = FALSE
	EndGlobalSection
	GlobalSection(ExtensibilityGlobals) = postSolution
		SolutionGuid = {62242ACA-86EC-4574-B07B-1FD68AE567B3}
	EndGlobalSection
EndGlobal
